<?xml version="1.0" encoding="utf-8"?>
<Project ToolsVersion="4.0" xmlns="http://schemas.microsoft.com/developer/msbuild/2003">
  <ItemGroup>
    <Filter Include="core">
      <UniqueIdentifier>{fd2378e1-b71d-4204-a752-cae314fdb9fc}</UniqueIdentifier>
    </Filter>
  </ItemGroup>
  <ItemGroup>
    <ClCompile Include="iostreams_proxy.cpp">
      <Filter>core</Filter>
    </ClCompile>
    <ClCompile Include="pch.cpp">
      <Filter>core</Filter>
    </ClCompile>
    <ClCompile Include="xr_ini_ex.cpp">
      <Filter>core</Filter>
    </ClCompile>
    <ClCompile Include="entry_point.cpp" />
    <ClCompile Include="statistics_collector.cpp" />
    <ClCompile Include="wpn_collection.cpp" />
  </ItemGroup>
  <ItemGroup>
    <ClInclude Include="iostreams_proxy.h">
      <Filter>core</Filter>
    </ClInclude>
    <ClInclude Include="pch.h">
      <Filter>core</Filter>
    </ClInclude>
    <ClInclude Include="xr_ini_ex.h">
      <Filter>core</Filter>
    </ClInclude>
    <ClInclude Include="statistics_collector.hpp" />
    <ClInclude Include="tools.hpp" />
    <ClInclude Include="wpn_collection.hpp" />
  </ItemGroup>
</Project>