<?xml version="1.0" encoding="utf-8"?>
<Project ToolsVersion="4.0" xmlns="http://schemas.microsoft.com/developer/msbuild/2003">
  <ItemGroup>
    <Filter Include="Source Files">
      <UniqueIdentifier>{9a41bbda-99f4-484a-ba8a-63332bf95144}</UniqueIdentifier>
    </Filter>
    <Filter Include="Header Files">
      <UniqueIdentifier>{b96646ec-7171-4024-bc1e-db562c4454f8}</UniqueIdentifier>
    </Filter>
  </ItemGroup>
  <ItemGroup>
    <ClCompile Include="ActorEditor.cpp">
      <Filter>Source FIles</Filter>
    </ClCompile>
    <ClCompile Include="BonePart.cpp">
      <Filter>Source FIles</Filter>
    </ClCompile>
    <ClCompile Include="BottomBar.cpp">
      <Filter>Source FIles</Filter>
    </ClCompile>
    <ClCompile Include="ClipEditor.cpp">
      <Filter>Source FIles</Filter>
    </ClCompile>
    <ClCompile Include="KeyBar.cpp">
      <Filter>Source FIles</Filter>
    </ClCompile>
    <ClCompile Include="LeftBar.cpp">
      <Filter>Source FIles</Filter>
    </ClCompile>
    <ClCompile Include="main.cpp">
      <Filter>Source FIles</Filter>
    </ClCompile>
    <ClCompile Include="Splash.cpp">
      <Filter>Source FIles</Filter>
    </ClCompile>
    <ClCompile Include="TopBar.cpp">
      <Filter>Source FIles</Filter>
    </ClCompile>
    <ClCompile Include="UI_ActorMain.cpp">
      <Filter>Source FIles</Filter>
    </ClCompile>
    <ClCompile Include="UI_ActorTools.cpp">
      <Filter>Source FIles</Filter>
    </ClCompile>
    <ClCompile Include="UI_ActorToolsMotions.cpp">
      <Filter>Source FIles</Filter>
    </ClCompile>
    <ClCompile Include="UI_ActorToolsProps.cpp">
      <Filter>Source FIles</Filter>
    </ClCompile>
    <ClCompile Include="UI_ActorToolsUndo.cpp">
      <Filter>Source FIles</Filter>
    </ClCompile>
    <ClCompile Include="stdafx.cpp" />
  </ItemGroup>
  <ItemGroup>
    <ClInclude Include="BonePart.h">
      <Filter>Header Files</Filter>
    </ClInclude>
    <ClInclude Include="BottomBar.h">
      <Filter>Header Files</Filter>
    </ClInclude>
    <ClInclude Include="ClipEditor.h">
      <Filter>Header Files</Filter>
    </ClInclude>
    <ClInclude Include="KeyBar.h">
      <Filter>Header Files</Filter>
    </ClInclude>
    <ClInclude Include="LeftBar.h">
      <Filter>Header Files</Filter>
    </ClInclude>
    <ClInclude Include="main.h">
      <Filter>Header Files</Filter>
    </ClInclude>
    <ClInclude Include="Splash.h">
      <Filter>Header Files</Filter>
    </ClInclude>
    <ClInclude Include="TopBar.h">
      <Filter>Header Files</Filter>
    </ClInclude>
    <ClInclude Include="UI_ActorMain.h">
      <Filter>Header Files</Filter>
    </ClInclude>
    <ClInclude Include="UI_ActorTools.h">
      <Filter>Header Files</Filter>
    </ClInclude>
    <ClInclude Include="stdafx.h" />
  </ItemGroup>
  <ItemGroup>
    <Resource Include="ActorEditor.res" />
    <Resource Include="resource.res" />
  </ItemGroup>
  <ItemGroup>
    <None Include="ActorEditor.todo" />
  </ItemGroup>
</Project>