<?xml version="1.0" encoding="utf-8"?>
<Project ToolsVersion="4.0" xmlns="http://schemas.microsoft.com/developer/msbuild/2003">
  <ItemGroup>
    <Filter Include="Transport">
      <UniqueIdentifier>{8d2e1e0b-6a8a-4e58-8f89-8a6ae92d7a10}</UniqueIdentifier>
    </Filter>
    <Filter Include="Transport\Steam">
      <UniqueIdentifier>{6a1a70b5-3e4e-4a68-9f20-1a6e6b2e2c00}</UniqueIdentifier>
    </Filter>
    <Filter Include="Kernel">
      <UniqueIdentifier>{2dc4e9ee-2a2d-4a05-9c30-f7d2f7d9f0a0}</UniqueIdentifier>
    </Filter>
    <Filter Include="Windows">
      <UniqueIdentifier>{a2cf1eb3-5f4d-4b1f-9c91-2f1d4b0a0cf0}</UniqueIdentifier>
    </Filter>
  </ItemGroup>
  <ItemGroup>
    <ClCompile Include="guids.cpp">
      <Filter>Kernel</Filter>
    </ClCompile>
    <ClCompile Include="stdafx.cpp">
      <Filter>Kernel</Filter>
    </ClCompile>
    <ClCompile Include="BaseClient.cpp">
      <Filter>Transport</Filter>
    </ClCompile>
    <ClCompile Include="BaseServer.cpp">
      <Filter>Transport</Filter>
    </ClCompile>
    <ClCompile Include="IBannedClient.cpp">
      <Filter>Transport</Filter>
    </ClCompile>
    <ClCompile Include="IClient.cpp">
      <Filter>Transport</Filter>
    </ClCompile>
    <ClCompile Include="IClientStatistic.cpp">
      <Filter>Transport</Filter>
    </ClCompile>
    <ClCompile Include="INetQueue.cpp">
      <Filter>Transport</Filter>
    </ClCompile>
    <ClCompile Include="ip_address.cpp">
      <Filter>Transport</Filter>
    </ClCompile>
    <ClCompile Include="ip_filter.cpp">
      <Filter>Transport</Filter>
    </ClCompile>
    <ClCompile Include="NET_AuthCheck.cpp">
      <Filter>Transport</Filter>
    </ClCompile>
    <ClCompile Include="NET_Common.cpp">
      <Filter>Transport</Filter>
    </ClCompile>
    <ClCompile Include="NET_Compressor.cpp">
      <Filter>Transport</Filter>
    </ClCompile>
    <ClCompile Include="NET_Log.cpp">
      <Filter>Transport</Filter>
    </ClCompile>
    <ClCompile Include="SteamNetClient.cpp">
      <Filter>Transport\Steam</Filter>
    </ClCompile>
    <ClCompile Include="SteamNetServer.cpp">
      <Filter>Transport\Steam</Filter>
    </ClCompile>
    <ClCompile Include="WinsocksHelper.cpp">
      <Filter>Windows</Filter>
    </ClCompile>
  </ItemGroup>
  <ItemGroup>
    <ClInclude Include="stdafx.h">
      <Filter>Kernel</Filter>
    </ClInclude>
    <ClInclude Include="BaseClient.h">
      <Filter>Transport</Filter>
    </ClInclude>
    <ClInclude Include="BaseServer.h">
      <Filter>Transport</Filter>
    </ClInclude>
    <ClInclude Include="ClientConnectionOptions.h">
      <Filter>Transport</Filter>
    </ClInclude>
    <ClInclude Include="IBannedClient.h">
      <Filter>Transport</Filter>
    </ClInclude>
    <ClInclude Include="IClient.h">
      <Filter>Transport</Filter>
    </ClInclude>
    <ClInclude Include="IClientStatistic.h">
      <Filter>Transport</Filter>
    </ClInclude>
    <ClInclude Include="INetQueue.h">
      <Filter>Transport</Filter>
    </ClInclude>
    <ClInclude Include="ip_address.h">
      <Filter>Transport</Filter>
    </ClInclude>
    <ClInclude Include="ip_filter.h">
      <Filter>Transport</Filter>
    </ClInclude>
    <ClInclude Include="NET_AuthCheck.h">
      <Filter>Transport</Filter>
    </ClInclude>
    <ClInclude Include="NET_Client.h">
      <Filter>Transport</Filter>
    </ClInclude>
    <ClInclude Include="NET_Common.h">
      <Filter>Transport</Filter>
    </ClInclude>
    <ClInclude Include="NET_Compressor.h">
      <Filter>Transport</Filter>
    </ClInclude>
    <ClInclude Include="NET_Log.h">
      <Filter>Transport</Filter>
    </ClInclude>
    <ClInclude Include="NET_Messages.h">
      <Filter>Transport</Filter>
    </ClInclude>
    <ClInclude Include="NET_Server.h">
      <Filter>Transport</Filter>
    </ClInclude>
    <ClInclude Include="NET_Shared.h">
      <Filter>Transport</Filter>
    </ClInclude>
    <ClInclude Include="PlayersMonitor.h">
      <Filter>Transport</Filter>
    </ClInclude>
    <ClInclude Include="ServerConnectionOptions.h">
      <Filter>Transport</Filter>
    </ClInclude>
    <ClInclude Include="SteamNetClient.h">
      <Filter>Transport\Steam</Filter>
    </ClInclude>
    <ClInclude Include="SteamNetServer.h">
      <Filter>Transport\Steam</Filter>
    </ClInclude>
    <ClInclude Include="WinsocksHelper.h">
      <Filter>Windows</Filter>
    </ClInclude>
  </ItemGroup>
  <ItemGroup>
    <Natvis Include="..\OpenXRay.natvis" />
  </ItemGroup>
</Project>
