<?xml version="1.0" encoding="utf-8"?>
<Project xmlns="http://schemas.microsoft.com/developer/msbuild/2003" ToolsVersion="4.0">
  <ItemGroup>
    <Filter Include="Kernel">
      <UniqueIdentifier>{7c3adbe0-c7f0-4969-bc3e-c99c57a78afc}</UniqueIdentifier>
    </Filter>
    <Filter Include="Core">
      <UniqueIdentifier>{b5c7493c-f593-4f0c-92d0-c3b43f0180f1}</UniqueIdentifier>
    </Filter>
    <Filter Include="Details">
      <UniqueIdentifier>{9e40de76-5a76-4dde-9047-d8821e9cee70}</UniqueIdentifier>
    </Filter>
    <Filter Include="Stripifier">
      <UniqueIdentifier>{1cf19204-564b-4eea-8913-e132cb337f03}</UniqueIdentifier>
    </Filter>
    <Filter Include="Lights">
      <UniqueIdentifier>{22a1bf29-0f99-4164-93f9-44af3ded79fa}</UniqueIdentifier>
    </Filter>
    <Filter Include="Glows">
      <UniqueIdentifier>{85794e45-b0b9-41a3-b335-596bf915af7f}</UniqueIdentifier>
    </Filter>
    <Filter Include="Wallmarks">
      <UniqueIdentifier>{7006af31-3b04-4684-b349-8ddf6673fbbb}</UniqueIdentifier>
    </Filter>
    <Filter Include="Shading templates">
      <UniqueIdentifier>{70478f65-3143-440e-85dc-0662874dbdd5}</UniqueIdentifier>
    </Filter>
    <Filter Include="Shading templates\R1">
      <UniqueIdentifier>{dd668ff6-9dda-40cf-bcff-b49fd6b651fb}</UniqueIdentifier>
    </Filter>
    <Filter Include="Shading templates\3dFluid">
      <UniqueIdentifier>{1b2f37ed-dfec-4b27-a41f-ed0d2ffcc586}</UniqueIdentifier>
    </Filter>
    <Filter Include="Shading templates\DX11 Rain">
      <UniqueIdentifier>{14eec6cf-befe-413b-a932-0a1073df76b7}</UniqueIdentifier>
    </Filter>
    <Filter Include="Models">
      <UniqueIdentifier>{333afd1d-3f02-430f-a00f-a7475b65b2b6}</UniqueIdentifier>
    </Filter>
    <Filter Include="Models\Visuals">
      <UniqueIdentifier>{87c361b2-96ed-4f5a-a1db-d606394d997f}</UniqueIdentifier>
    </Filter>
    <Filter Include="Visibility">
      <UniqueIdentifier>{d16e522a-ddd0-4284-a9b4-c7eb51a4c90e}</UniqueIdentifier>
    </Filter>
    <Filter Include="Visibility\Sector/Portal">
      <UniqueIdentifier>{0de4e218-82ed-4e57-86ac-0aad637ab89c}</UniqueIdentifier>
    </Filter>
    <Filter Include="Visibility\HOM Occlusion">
      <UniqueIdentifier>{63969245-6550-412d-9da3-f01864dcab43}</UniqueIdentifier>
    </Filter>
    <Filter Include="Core_Target">
      <UniqueIdentifier>{8015e3b9-7ce8-4b3a-abbf-bc1d020f4ef3}</UniqueIdentifier>
    </Filter>
    <Filter Include="Core_Target\ColorMap">
      <UniqueIdentifier>{a10aea7e-2b84-4b66-bcc9-0992a8d3c9b1}</UniqueIdentifier>
    </Filter>
    <Filter Include="Refactored">
      <UniqueIdentifier>{537961f6-bc05-4854-82ff-a43ddd4d01d5}</UniqueIdentifier>
    </Filter>
    <Filter Include="Refactored\HW">
      <UniqueIdentifier>{b737efc3-c5ce-4ece-af62-66f615969431}</UniqueIdentifier>
    </Filter>
    <Filter Include="Refactored\Backend">
      <UniqueIdentifier>{95c65fb6-d96a-4c0c-98ec-71939cc5f308}</UniqueIdentifier>
    </Filter>
    <Filter Include="Refactored\Execution &amp; 3D">
      <UniqueIdentifier>{fdef771e-894f-4552-8a27-b7a1b3cdfd11}</UniqueIdentifier>
    </Filter>
    <Filter Include="Refactored\Execution &amp; 3D\Shaders">
      <UniqueIdentifier>{40e92819-03f5-479f-8541-fc13c41e4a72}</UniqueIdentifier>
    </Filter>
    <Filter Include="Refactored\Execution &amp; 3D\Shaders\Resources">
      <UniqueIdentifier>{d1696d81-2d5c-416b-9e06-ecadf76f897b}</UniqueIdentifier>
    </Filter>
    <Filter Include="Refactored\Execution &amp; 3D\Shaders\Resources\dx11_R_shader">
      <UniqueIdentifier>{5037bbed-8608-488d-9ed8-9f8d9c5ab29d}</UniqueIdentifier>
    </Filter>
    <Filter Include="Refactored\Execution &amp; 3D\Shaders\ShaderManager">
      <UniqueIdentifier>{d4d7feda-aeb2-48ea-abbe-55c2422f6272}</UniqueIdentifier>
    </Filter>
    <Filter Include="Refactored\Execution &amp; 3D\Shaders\Blender">
      <UniqueIdentifier>{8a0c81f9-b5ca-4013-ab5a-279b3c931a47}</UniqueIdentifier>
    </Filter>
    <Filter Include="Refactored\Execution &amp; 3D\DebugDraw">
      <UniqueIdentifier>{bead1f64-011e-4bda-b370-46d957089db1}</UniqueIdentifier>
    </Filter>
    <Filter Include="Refactored\Execution &amp; 3D\Visuals">
      <UniqueIdentifier>{54efa38f-7dff-4468-be02-2acb51aa3964}</UniqueIdentifier>
    </Filter>
    <Filter Include="Refactored\Execution &amp; 3D\Visuals\Skeleton">
      <UniqueIdentifier>{4d307143-97a8-41d1-9e2b-6c0d7b9c00b8}</UniqueIdentifier>
    </Filter>
    <Filter Include="Refactored\Execution &amp; 3D\Gamma">
      <UniqueIdentifier>{f9157a2a-b905-4072-a5e3-e01dbf33c7f6}</UniqueIdentifier>
    </Filter>
    <Filter Include="Refactored\Interfaces">
      <UniqueIdentifier>{2d5c9e16-1975-40bf-944f-88e40988cf3a}</UniqueIdentifier>
    </Filter>
    <Filter Include="Refactored\stats_manager">
      <UniqueIdentifier>{9b974940-311d-4fe5-94ad-8f4e1d2af3e6}</UniqueIdentifier>
    </Filter>
    <Filter Include="Interface implementations">
      <UniqueIdentifier>{1163d451-d0fc-4b15-bcf0-60af66bb54b9}</UniqueIdentifier>
    </Filter>
    <Filter Include="Interface implementations\RenderFactory">
      <UniqueIdentifier>{0aa53879-777d-41ec-a388-3b8eec9cec31}</UniqueIdentifier>
    </Filter>
    <Filter Include="Interface implementations\LensFlare">
      <UniqueIdentifier>{c376846f-4d84-4775-87f6-145528221076}</UniqueIdentifier>
    </Filter>
    <Filter Include="Interface implementations\FactoryPtr">
      <UniqueIdentifier>{4e70cb04-1d51-4143-b435-d3007bf3df43}</UniqueIdentifier>
    </Filter>
    <Filter Include="Interface implementations\RainRender">
      <UniqueIdentifier>{18d0a956-5ae0-42f2-bcf0-28f73809e404}</UniqueIdentifier>
    </Filter>
    <Filter Include="Interface implementations\ThunderboltRender">
      <UniqueIdentifier>{3cadbef7-101e-4c48-87e5-de82aeab0bfc}</UniqueIdentifier>
    </Filter>
    <Filter Include="Interface implementations\EnvironmentRender">
      <UniqueIdentifier>{66f1ed3d-a5a4-4696-8ea3-a117238e3a19}</UniqueIdentifier>
    </Filter>
    <Filter Include="Interface implementations\RenderDeviceRender">
      <UniqueIdentifier>{c1d29847-ec51-4b80-a0a0-a842cc845878}</UniqueIdentifier>
    </Filter>
    <Filter Include="Interface implementations\ObjectSpaceRender">
      <UniqueIdentifier>{c4866e0e-02e0-4e20-9848-5fe9e56fd70e}</UniqueIdentifier>
    </Filter>
    <Filter Include="Interface implementations\FontRender">
      <UniqueIdentifier>{c97525f6-6721-4598-a9b7-72ccccf7c003}</UniqueIdentifier>
    </Filter>
    <Filter Include="Interface implementations\WallMarkArray">
      <UniqueIdentifier>{41c57757-9f6e-4d25-bb0e-829054bea11b}</UniqueIdentifier>
    </Filter>
    <Filter Include="Interface implementations\StatGraphRender">
      <UniqueIdentifier>{d9ca7f3d-3eb0-482d-8c67-b62ce6cad23d}</UniqueIdentifier>
    </Filter>
    <Filter Include="Interface implementations\ThunderboltDescRender">
      <UniqueIdentifier>{9c69c7b1-4704-4e22-80a4-d2d0c38499f7}</UniqueIdentifier>
    </Filter>
    <Filter Include="Interface implementations\Debug">
      <UniqueIdentifier>{d078ed97-038b-475e-ac53-531218973aaa}</UniqueIdentifier>
    </Filter>
    <Filter Include="Interface implementations\Debug\DebugRender">
      <UniqueIdentifier>{e9124dd3-68cc-419b-b6b3-b9597069c34d}</UniqueIdentifier>
    </Filter>
    <Filter Include="Interface implementations\UI">
      <UniqueIdentifier>{91e610ca-597f-47e8-95c0-57ca37c31fb8}</UniqueIdentifier>
    </Filter>
    <Filter Include="Interface implementations\UI\UIRender">
      <UniqueIdentifier>{d905aa7e-4424-4f7c-bf4d-3ff008865a0e}</UniqueIdentifier>
    </Filter>
    <Filter Include="Interface implementations\UI\UIShader">
      <UniqueIdentifier>{7b6f009a-7bb4-47ed-b5a6-d000e372a88c}</UniqueIdentifier>
    </Filter>
    <Filter Include="Interface implementations\UI\UISequenceVideoItem">
      <UniqueIdentifier>{8e609091-9c4e-4b0f-991b-6ea121fadf76}</UniqueIdentifier>
    </Filter>
    <Filter Include="dx9 to dx11 Utils">
      <UniqueIdentifier>{4c505c0d-891a-4fa4-a5e0-920bd864322e}</UniqueIdentifier>
    </Filter>
    <Filter Include="StateManager">
      <UniqueIdentifier>{3c73a5ec-4580-4204-9c3b-94bc6d8dcc53}</UniqueIdentifier>
    </Filter>
    <Filter Include="Utils">
      <UniqueIdentifier>{f535a92e-7512-4130-864e-2d0e6360a0c0}</UniqueIdentifier>
    </Filter>
      <UniqueIdentifier>{dbf14a7f-83de-4240-b3b6-0965c460a1c6}</UniqueIdentifier>
    </Filter>
    <Filter Include="Debug">
      <UniqueIdentifier>{8d6caf5d-f49d-40f7-b1ae-f1fd5c4f0d58}</UniqueIdentifier>
    </Filter>
    <Filter Include="Shading templates\DX11 MSAA">
      <UniqueIdentifier>{763f97a9-f305-4cc2-995d-a1adad48351c}</UniqueIdentifier>
    </Filter>
    <Filter Include="Interface implementations\ImGuiRender">
      <UniqueIdentifier>{2adbf225-d2a8-40e6-a2d1-6a70b5224355}</UniqueIdentifier>
    </Filter>
    <Filter Include="Tests">
      <UniqueIdentifier>{c8dd4c51-de70-44f7-b29c-7be1a84c5ee9}</UniqueIdentifier>
    </Filter>
    <Filter Include="ResourceManager">
      <UniqueIdentifier>{f92eda08-e783-402a-936b-f91f09cc3517}</UniqueIdentifier>
    </Filter>
    <Filter Include="Framegraph">
      <UniqueIdentifier>{af78fce9-d594-4028-8430-5e16e7164bb7}</UniqueIdentifier>
    </Filter>
    <Filter Include="Framegraph\Passes">
      <UniqueIdentifier>{6aa36c2e-cba5-46c5-a125-6eabb9a0bf2c}</UniqueIdentifier>
    </Filter>
    <Filter Include="Framegraph\Decals">
      <UniqueIdentifier>{d4e5f6a7-b8c9-4d0e-a1b2-c3d4e5f6a7b8}</UniqueIdentifier>
    </Filter>
    <Filter Include="Framegraph\RayTracing">
      <UniqueIdentifier>{b3a7e5d1-4f2c-4a8d-9e1b-5c3d7f9a2b4e}</UniqueIdentifier>
    </Filter>
    <Filter Include="NVRHI">
      <UniqueIdentifier>{866d137d-6227-4c9c-aae3-99172ef2ca6c}</UniqueIdentifier>
    </Filter>
    <Filter Include="Slang">
      <UniqueIdentifier>{971dc00e-f646-4c8c-bf38-96d32432d02e}</UniqueIdentifier>
    </Filter>
    <Filter Include="Framegraph\ConstantSystem">
      <UniqueIdentifier>{7e4fa8a3-2a14-47bb-8d56-b7230ea2ba89}</UniqueIdentifier>
    </Filter>
    <Filter Include="PBRConverter">
      <UniqueIdentifier>{878d07e8-9481-4b4f-9c22-84db67a73811}</UniqueIdentifier>
    </Filter>
    <Filter Include="ShaderVariant">
      <UniqueIdentifier>{b4c8e2f1-7a3d-4e9b-8f5c-1d2e3f4a5b6c}</UniqueIdentifier>
    </Filter>
  </ItemGroup>
  <ItemGroup>
    <ClInclude Include="stdafx.h">
      <Filter>Kernel</Filter>
    </ClInclude>
    <ClInclude Include="xrRender_console.h">
      <Filter>Kernel</Filter>
    </ClInclude>
    <ClInclude Include="PSLibrary.h">
      <Filter>Core</Filter>
    </ClInclude>
    <ClInclude Include="QueryHelper.h">
      <Filter>Core</Filter>
    </ClInclude>
    <ClInclude Include="r__dsgraph_types.h">
      <Filter>Core</Filter>
    </ClInclude>
    <ClInclude Include="r__occlusion.h">
      <Filter>Core</Filter>
    </ClInclude>
    <ClInclude Include="r__pixel_calculator.h">
      <Filter>Core</Filter>
    </ClInclude>
    <ClInclude Include="r_sun_cascades.h">
      <Filter>Core</Filter>
    </ClInclude>
    <ClInclude Include="DetailModel.h">
      <Filter>Details</Filter>
    </ClInclude>
    <ClInclude Include="NvTriStrip.h">
      <Filter>Stripifier</Filter>
    </ClInclude>
    <ClInclude Include="NvTriStripObjects.h">
      <Filter>Stripifier</Filter>
    </ClInclude>
    <ClInclude Include="VertexCache.h">
      <Filter>Stripifier</Filter>
    </ClInclude>
    <ClInclude Include="xrStripify.h">
      <Filter>Stripifier</Filter>
    </ClInclude>
    <ClInclude Include="Light_DB.h">
      <Filter>Lights</Filter>
    </ClInclude>
    <ClInclude Include="light_gi.h">
      <Filter>Lights</Filter>
    </ClInclude>
    <ClInclude Include="Light_Package.h">
      <Filter>Lights</Filter>
    </ClInclude>
    <ClInclude Include="Light_Render_Direct.h">
      <Filter>Lights</Filter>
    </ClInclude>
    <ClInclude Include="LightTrack.h">
      <Filter>Lights</Filter>
    </ClInclude>
    <ClInclude Include="WallmarksEngine.h">
      <Filter>Wallmarks</Filter>
    </ClInclude>
    <ClInclude Include="ModelPool.h">
      <Filter>Models</Filter>
    </ClInclude>
    <ClInclude Include="FLOD.h">
      <Filter>Models\Visuals</Filter>
    </ClInclude>
    <ClInclude Include="FProgressive.h">
      <Filter>Models\Visuals</Filter>
    </ClInclude>
    <ClInclude Include="FSkinned.h">
      <Filter>Models\Visuals</Filter>
    </ClInclude>
    <ClInclude Include="FTreeVisual.h">
      <Filter>Models\Visuals</Filter>
    </ClInclude>
    <ClInclude Include="FVisual.h">
      <Filter>Models\Visuals</Filter>
    </ClInclude>
    <ClInclude Include="ParticleEffect.h">
      <Filter>Models\Visuals</Filter>
    </ClInclude>
    <ClInclude Include="ParticleEffectDef.h">
      <Filter>Models\Visuals</Filter>
    </ClInclude>
    <ClInclude Include="ParticleGroup.h">
      <Filter>Models\Visuals</Filter>
    </ClInclude>
    <ClInclude Include="r__sector.h">
      <Filter>Visibility\Sector/Portal</Filter>
    </ClInclude>
    <ClInclude Include="r__scene.h">
      <Filter>Visibility\Sector/Portal</Filter>
    </ClInclude>
    <ClInclude Include="RenderView.h">
      <Filter>Visibility\Sector/Portal</Filter>
    </ClInclude>
    <ClInclude Include="HOM.h">
      <Filter>Visibility\HOM Occlusion</Filter>
    </ClInclude>
    <ClInclude Include="occRasterizer.h">
      <Filter>Visibility\HOM Occlusion</Filter>
    </ClInclude>
    <ClInclude Include="ColorMapManager.h">
      <Filter>Core_Target\ColorMap</Filter>
    </ClInclude>
    <ClInclude Include="HWCaps.h">
      <Filter>Refactored\HW</Filter>
    </ClInclude>
    <ClInclude Include="FVF.h">
      <Filter>Refactored\Backend</Filter>
    </ClInclude>
    <ClInclude Include="R_DStreams.h">
      <Filter>Refactored\Backend</Filter>
    </ClInclude>
    <ClInclude Include="r_constants.h">
      <Filter>Refactored\Execution &amp; 3D\Shaders\Resources</Filter>
    </ClInclude>
    <ClInclude Include="SH_Atomic.h">
      <Filter>Refactored\Execution &amp; 3D\Shaders\Resources</Filter>
    </ClInclude>
    <ClInclude Include="SH_Constant.h">
      <Filter>Refactored\Execution &amp; 3D\Shaders\Resources</Filter>
    </ClInclude>
    <ClInclude Include="SH_Matrix.h">
      <Filter>Refactored\Execution &amp; 3D\Shaders\Resources</Filter>
    </ClInclude>
    <ClInclude Include="SH_RT.h">
      <Filter>Refactored\Execution &amp; 3D\Shaders\Resources</Filter>
    </ClInclude>
    <ClInclude Include="SH_Texture.h">
      <Filter>Refactored\Execution &amp; 3D\Shaders\Resources</Filter>
    </ClInclude>
    <ClInclude Include="Shader.h">
      <Filter>Refactored\Execution &amp; 3D\Shaders\Resources</Filter>
    </ClInclude>
    <ClInclude Include="r_constants_cache.h">
      <Filter>Refactored\Execution &amp; 3D\Shaders\Resources\dx11_R_shader</Filter>
    </ClInclude>
    <ClInclude Include="ETextureParams.h">
      <Filter>Refactored\Execution &amp; 3D\Shaders\ShaderManager</Filter>
    </ClInclude>
    <ClInclude Include="TextureDescrManager.h">
      <Filter>Refactored\Execution &amp; 3D\Shaders\ShaderManager</Filter>
    </ClInclude>
    <ClInclude Include="tss.h">
      <Filter>Refactored\Execution &amp; 3D\Shaders\Blender</Filter>
    </ClInclude>
    <ClInclude Include="tss_def.h">
      <Filter>Refactored\Execution &amp; 3D\Shaders\Blender</Filter>
    </ClInclude>
    <ClInclude Include="D3DUtils.h">
      <Filter>Refactored\Execution &amp; 3D\DebugDraw</Filter>
    </ClInclude>
    <ClInclude Include="du_box.h">
      <Filter>Refactored\Execution &amp; 3D\DebugDraw</Filter>
    </ClInclude>
    <ClInclude Include="du_cone.h">
      <Filter>Refactored\Execution &amp; 3D\DebugDraw</Filter>
    </ClInclude>
    <ClInclude Include="du_cylinder.h">
      <Filter>Refactored\Execution &amp; 3D\DebugDraw</Filter>
    </ClInclude>
    <ClInclude Include="du_sphere.h">
      <Filter>Refactored\Execution &amp; 3D\DebugDraw</Filter>
    </ClInclude>
    <ClInclude Include="du_sphere_part.h">
      <Filter>Refactored\Execution &amp; 3D\DebugDraw</Filter>
    </ClInclude>
    <ClInclude Include="dxParticleCustom.h">
      <Filter>Refactored\Execution &amp; 3D\Visuals</Filter>
    </ClInclude>
    <ClInclude Include="FBasicVisual.h">
      <Filter>Refactored\Execution &amp; 3D\Visuals</Filter>
    </ClInclude>
    <ClInclude Include="FHierrarhyVisual.h">
      <Filter>Refactored\Execution &amp; 3D\Visuals</Filter>
    </ClInclude>
    <ClInclude Include="Animation.h">
      <Filter>Refactored\Execution &amp; 3D\Visuals\Skeleton</Filter>
    </ClInclude>
    <ClInclude Include="SkeletonAnimated.h">
      <Filter>Refactored\Execution &amp; 3D\Visuals\Skeleton</Filter>
    </ClInclude>
    <ClInclude Include="SkeletonCustom.h">
      <Filter>Refactored\Execution &amp; 3D\Visuals\Skeleton</Filter>
    </ClInclude>
    <ClInclude Include="SkeletonX.h">
      <Filter>Refactored\Execution &amp; 3D\Visuals\Skeleton</Filter>
    </ClInclude>
    <ClInclude Include="IRenderDetailModel.h">
      <Filter>Refactored\Interfaces</Filter>
    </ClInclude>
    <ClInclude Include="stats_manager.h">
      <Filter>Refactored\stats_manager</Filter>
    </ClInclude>
    <ClInclude Include="dxRenderFactory.h">
      <Filter>Interface implementations\RenderFactory</Filter>
    </ClInclude>
    <ClInclude Include="dxObjectSpaceRender.h">
      <Filter>Interface implementations\ObjectSpaceRender</Filter>
    </ClInclude>
    <ClInclude Include="dxFontRender.h">
      <Filter>Interface implementations\FontRender</Filter>
    </ClInclude>
    <ClInclude Include="dxWallMarkArray.h">
      <Filter>Interface implementations\WallMarkArray</Filter>
    </ClInclude>
    <ClInclude Include="dxThunderboltDescRender.h">
      <Filter>Interface implementations\ThunderboltDescRender</Filter>
    </ClInclude>
    <ClInclude Include="dxDebugRender.h">
      <Filter>Interface implementations\Debug\DebugRender</Filter>
    </ClInclude>
    <ClInclude Include="dxUIRender.h">
      <Filter>Interface implementations\UI\UIRender</Filter>
    </ClInclude>
    <ClInclude Include="dxUIShader.h">
      <Filter>Interface implementations\UI\UIShader</Filter>
    </ClInclude>
    <ClInclude Include="dxUISequenceVideoItem.h">
      <Filter>Interface implementations\UI\UISequenceVideoItem</Filter>
    </ClInclude>
    <ClInclude Include="Utils\dxHashHelper.h">
      <Filter>Utils</Filter>
    </ClInclude>
    <ClInclude Include="DetailFormat.h">
      <Filter>Details</Filter>
    </ClInclude>
    <ClInclude Include="light.h">
      <Filter>Lights</Filter>
    </ClInclude>
    <ClInclude Include="D3DXRenderBase.h">
      <Filter>Core</Filter>
    </ClInclude>
    <ClInclude Include="FGRenderBase.h">
      <Filter>Core</Filter>
    </ClInclude>
    <ClInclude Include="KinematicsAddBoneTransform.hpp">
      <Filter>Refactored\Execution &amp; 3D\Visuals\Skeleton</Filter>
    </ClInclude>
    <ClInclude Include="BufferUtils.h">
      <Filter>dx9 to dx11 Utils</Filter>
    </ClInclude>
    <ClInclude Include="VertexLayout.h">
      <Filter>dx9 to dx11 Utils</Filter>
    </ClInclude>
    <ClInclude Include="FSkinnedTypes.h">
      <Filter>Models\Visuals</Filter>
    </ClInclude>
    <ClInclude Include="r__dsgraph_structure.h">
      <Filter>Core</Filter>
    </ClInclude>
    <ClInclude Include="SkeletonXSkinXW.h">
      <Filter>Refactored\Execution &amp; 3D\Visuals\Skeleton</Filter>
    </ClInclude>
    <ClInclude Include="ImGuiRendererNVRHI.h">
      <Filter>Interface implementations\ImGuiRender</Filter>
    </ClInclude>
    <ClInclude Include="ResourceManager\DDSLoader.h">
      <Filter>ResourceManager</Filter>
    </ClInclude>
    <ClInclude Include="ResourceManager\ResourceHandle.h">
      <Filter>ResourceManager</Filter>
    </ClInclude>
    <ClInclude Include="ResourceManager\TextureManager.h">
      <Filter>ResourceManager</Filter>
    </ClInclude>
    <ClInclude Include="ResourceManager\TestTextureManager.h">
      <Filter>ResourceManager</Filter>
    </ClInclude>
    <ClInclude Include="ResourceManager\TextureStreaming.h">
      <Filter>ResourceManager</Filter>
    </ClInclude>
    <ClInclude Include="ResourceManager\AsyncIO.h">
      <Filter>ResourceManager</Filter>
    </ClInclude>
    <ClInclude Include="ResourceManager\BufferManager.h">
      <Filter>ResourceManager</Filter>
    </ClInclude>
    <ClInclude Include="ResourceManager\SamplerCache.h">
      <Filter>ResourceManager</Filter>
    </ClInclude>
    <ClInclude Include="FrameGraph\FGResource.h">
      <Filter>Framegraph</Filter>
    </ClInclude>
    <ClInclude Include="ResourceManager\FGResourceManager.h">
      <Filter>Framegraph</Filter>
    </ClInclude>
    <ClInclude Include="FrameGraph\FGResourcePool.h">
      <Filter>Framegraph</Filter>
    </ClInclude>
    <ClInclude Include="FrameGraph\FGTest.h">
      <Filter>Framegraph</Filter>
    </ClInclude>
    <ClInclude Include="FrameGraph\FGTypes.h">
      <Filter>Framegraph</Filter>
    </ClInclude>
    <ClInclude Include="FrameGraph\FrameGraph.h">
      <Filter>Framegraph</Filter>
    </ClInclude>
    <ClInclude Include="FrameGraphPasses\SkinningPassSetup.h">
      <Filter>Framegraph\Passes</Filter>
    </ClInclude>
    <ClInclude Include="FrameGraphPasses\ImGuiPassSetup.h">
      <Filter>Framegraph\Passes</Filter>
    </ClInclude>
    <ClInclude Include="FrameGraphPasses\ParticlePassSetup.h">
      <Filter>Framegraph\Passes</Filter>
    </ClInclude>
    <ClInclude Include="FrameGraphPasses\RibbonPassSetup.h">
      <Filter>Framegraph\Passes</Filter>
    </ClInclude>
    <ClInclude Include="FrameGraphPasses\TrailPassSetup.h">
      <Filter>Framegraph\Passes</Filter>
    </ClInclude>
    <ClInclude Include="FrameGraphPasses\SmokeTrailManager.h">
      <Filter>Framegraph\Passes</Filter>
    </ClInclude>
    <ClInclude Include="FrameGraphPasses\SmokeTrailPassSetup.h">
      <Filter>Framegraph\Passes</Filter>
    </ClInclude>
    <ClInclude Include="FrameGraphPasses\ClusterLightPassSetup.h">
      <Filter>Framegraph\Passes</Filter>
    </ClInclude>
    <ClInclude Include="ClusteredLightManager.h">
      <Filter>Framegraph\Passes</Filter>
    </ClInclude>
    <ClInclude Include="FrameGraphPasses\DecalPassSetup.h">
      <Filter>Framegraph\Passes</Filter>
    </ClInclude>
    <ClInclude Include="Decals\DecalManager.h">
      <Filter>Framegraph\Decals</Filter>
    </ClInclude>
    <ClInclude Include="Decals\fgWallMarkArray.h">
      <Filter>Framegraph\Decals</Filter>
    </ClInclude>
    <ClInclude Include="Decals\MeshPicker.h">
      <Filter>Framegraph\Decals</Filter>
    </ClInclude>
    <ClInclude Include="Decals\OverlayManager.h">
      <Filter>Framegraph\Decals</Filter>
    </ClInclude>
    <ClInclude Include="FrameGraphPasses\DistortionApplyPassSetup.h">
      <Filter>Framegraph\Passes</Filter>
    </ClInclude>
    <ClInclude Include="FrameGraphPasses\PassVertexFormats.h">
      <Filter>Framegraph\Passes</Filter>
    </ClInclude>
    <ClInclude Include="FrameGraphPasses\ParticleGPUCullingManager.h">
      <Filter>Framegraph\Passes</Filter>
    </ClInclude>
    <ClInclude Include="FrameGraphPasses\ExposurePassSetup.h">
      <Filter>Framegraph\Passes</Filter>
    </ClInclude>
    <ClInclude Include="FrameGraphPasses\PathTracerPassSetup.h">
      <Filter>Framegraph\Passes</Filter>
    </ClInclude>
    <ClInclude Include="FrameGraphPasses\MotionVectorPassSetup.h">
      <Filter>Framegraph\Passes</Filter>
    </ClInclude>
    <ClInclude Include="FrameGraphPasses\ReSTIRGIPassSetup.h">
      <Filter>Framegraph\Passes</Filter>
    </ClInclude>
    <ClInclude Include="RayTracing\RTAccelStructManager.h">
      <Filter>Framegraph\RayTracing</Filter>
    </ClInclude>
    <ClInclude Include="FrameGraphPasses\TonemapPassSetup.h">
      <Filter>Framegraph\Passes</Filter>
    </ClInclude>
    <ClInclude Include="FrameGraph\FGPass.h">
      <Filter>Framegraph\Passes</Filter>
    </ClInclude>
    <ClInclude Include="NVRHI\NVRHIDevice.h">
      <Filter>NVRHI</Filter>
    </ClInclude>
    <ClInclude Include="NVRHIUIRenderer.h">
      <Filter>NVRHI</Filter>
    </ClInclude>
    <ClInclude Include="Geometry\MaterialCache.h">
      <Filter>Framegraph</Filter>
    </ClInclude>
    <ClInclude Include="Materials\MaterialSystem.h">
      <Filter>Framegraph</Filter>
    </ClInclude>
    <ClInclude Include="Materials\ShaderInfo.h">
      <Filter>Framegraph</Filter>
    </ClInclude>
    <ClInclude Include="Geometry\GeometryBatch.h">
      <Filter>Framegraph</Filter>
    </ClInclude>
    <ClInclude Include="ResourceManager\NativeRTFactory.h">
      <Filter>Framegraph</Filter>
    </ClInclude>
    <ClInclude Include="r_FrameGraphRenderer.h">
      <Filter>Framegraph</Filter>
    </ClInclude>
    <ClInclude Include="FrameGraphRendererModule.h">
      <Filter>Framegraph</Filter>
    </ClInclude>
    <ClInclude Include="GPUCullingManager.h">
      <Filter>Framegraph</Filter>
    </ClInclude>
    <ClInclude Include="Shaders\SlangCompiler.h">
      <Filter>Slang</Filter>
    </ClInclude>
    <ClInclude Include="Shaders\SlangCompilerTest.h">
      <Filter>Slang</Filter>
    </ClInclude>
    <ClInclude Include="Shaders\SlangReflectionWrapper.h">
      <Filter>Slang</Filter>
    </ClInclude>
    <ClInclude Include="Shaders\SlangVFSAdapter.h">
      <Filter>Slang</Filter>
    </ClInclude>
    <ClInclude Include="RenderContext\RCShader.h">
      <Filter>Framegraph</Filter>
    </ClInclude>
    <ClInclude Include="RenderContext\RenderContext.h">
      <Filter>Framegraph</Filter>
    </ClInclude>
    <ClInclude Include="RenderContext\RenderDevice.h">
      <Filter>Framegraph</Filter>
    </ClInclude>
    <ClInclude Include="FrameGraph\RenderTargetRegistry.h">
      <Filter>Framegraph</Filter>
    </ClInclude>
    <ClInclude Include="RenderContext\ResourceHandle.h">
      <Filter>Framegraph</Filter>
    </ClInclude>
    <ClInclude Include="FrameGraph\ShaderCache.h">
      <Filter>Framegraph</Filter>
    </ClInclude>
    <ClInclude Include="ShaderKey.h">
      <Filter>Framegraph</Filter>
    </ClInclude>
    <ClInclude Include="FrameGraph\ShaderLoader.h">
      <Filter>Framegraph</Filter>
    </ClInclude>
    <ClInclude Include="FrameGraph\ShaderPhaseCache.h">
      <Filter>Framegraph</Filter>
    </ClInclude>
    <ClInclude Include="FrameGraph\ShaderReflection.h">
      <Filter>Framegraph</Filter>
    </ClInclude>
    <ClInclude Include="FrameGraphPasses\UIPassSetup.h">
      <Filter>Framegraph\Passes</Filter>
    </ClInclude>
    <ClInclude Include="RenderContext\PipelineState.h">
      <Filter>Framegraph</Filter>
    </ClInclude>
    <ClInclude Include="UIGeometryBatch.h">
      <Filter>Framegraph</Filter>
    </ClInclude>
    <ClInclude Include="UIRenderCollector.h">
      <Filter>Framegraph</Filter>
    </ClInclude>
    <ClInclude Include="FrameGraph\VolatileConstantBufferPool.h">
      <Filter>Framegraph</Filter>
    </ClInclude>
    <ClInclude Include="ConstantSystem\FGConstantSystem.h">
      <Filter>Framegraph\ConstantSystem</Filter>
    </ClInclude>
    <ClInclude Include="FrameGraphPasses\ForwardColorPassSetup.h">
      <Filter>Framegraph\Passes</Filter>
    </ClInclude>
    <ClInclude Include="FrameGraphPasses\HiZBuildPassSetup.h">
      <Filter>Framegraph\Passes</Filter>
    </ClInclude>
    <ClInclude Include="PBRConverter\PBRTextureConverter.h">
      <Filter>PBRConverter</Filter>
    </ClInclude>
    <ClInclude Include="FrameGraphPasses\ShaderConstants.h"/>
    <ClInclude Include="FrameGraphPasses\SkyPassSetup.h"/>
    <ClInclude Include="FrameGraphPasses\SunPassSetup.h"/>
    <ClInclude Include="Bindless\BindlessTypes.h"/>
    <ClInclude Include="Bindless\MaterialBuffer.h"/>
    <ClInclude Include="Bindless\TerrainMaterialBuffer.h"/>
    <ClInclude Include="Bindless\GPUStructuredBuffer.h"/>
    <ClInclude Include="Bindless\VariantTextureBuffer.h"/>
    <ClInclude Include="Bindless\VertexConverter.h"/>
    <ClInclude Include="Bindless\UnifiedVertex.h"/>
    <ClInclude Include="ShaderVariant\ShaderVariantRegistry.h">
      <Filter>ShaderVariant</Filter>
    </ClInclude>
    <ClInclude Include="ShaderVariant\JsonParser.h">
      <Filter>ShaderVariant</Filter>
    </ClInclude>
    <ClInclude Include="ShaderVariant\VariantPartitionConfig.h">
      <Filter>ShaderVariant</Filter>
    </ClInclude>
    <ClInclude Include="ShaderVariant\VariantPSOCache.h">
      <Filter>ShaderVariant</Filter>
    </ClInclude>
    <ClInclude Include="Backend\D3D12Backend.h"/>
    <ClInclude Include="Backend\D3D11BackendWrapper.h"/>
    <ClInclude Include="FrameGraph\PassResourceCache.h"/>
    <ClInclude Include="FrameGraph\BindingLayoutBuilder.h"/>
    <ClInclude Include="FrameGraph\BindingSetBuilder.h"/>
    <ClInclude Include="FrameGraph\ResourceShape.h"/>
    <ClInclude Include="FGDetailManager.h">
      <Filter>Framegraph</Filter>
    </ClInclude>
    <ClInclude Include="FrameGraphPasses\DetailCullPassSetup.h">
      <Filter>Framegraph\Passes</Filter>
    </ClInclude>
    <ClInclude Include="FrameGraphPasses\DetailPassSetup.h">
      <Filter>Framegraph\Passes</Filter>
    </ClInclude>
    <ClInclude Include="FrameGraphPasses\TransparentPassSetup.h">
      <Filter>Framegraph\Passes</Filter>
    </ClInclude>
    <ClInclude Include="FrameGraphPasses\PassCommon.h">
      <Filter>Framegraph\Passes</Filter>
    </ClInclude>
    <ClInclude Include="FrameGraph\Blackboard.h">
      <Filter>Framegraph</Filter>
    </ClInclude>
    <ClInclude Include="Backend\VulkanBackend.h"/>
    <ClInclude Include="..\..\..\Externals\meshoptimizer\src\meshoptimizer.h"/>
    <ClInclude Include="Profiler\GPUProfiler.h"/>
    <ClInclude Include="Profiler\StatsOverlay.h"/>
  </ItemGroup>
  <ItemGroup>
    <ClCompile Include="stdafx.cpp">
      <Filter>Kernel</Filter>
    </ClCompile>
    <ClCompile Include="PSLibrary.cpp">
      <Filter>Core</Filter>
    </ClCompile>
    <ClCompile Include="r__pixel_calculator.cpp">
      <Filter>Core</Filter>
    </ClCompile>
    <ClCompile Include="DetailModel.cpp">
      <Filter>Details</Filter>
    </ClCompile>
    <ClCompile Include="NvTriStrip.cpp">
      <Filter>Stripifier</Filter>
    </ClCompile>
    <ClCompile Include="NvTriStripObjects.cpp">
      <Filter>Stripifier</Filter>
    </ClCompile>
    <ClCompile Include="VertexCache.cpp">
      <Filter>Stripifier</Filter>
    </ClCompile>
    <ClCompile Include="xrStripify.cpp">
      <Filter>Stripifier</Filter>
    </ClCompile>
    <ClCompile Include="light.cpp">
      <Filter>Lights</Filter>
    </ClCompile>
    <ClCompile Include="Light_DB.cpp">
      <Filter>Lights</Filter>
    </ClCompile>
    <ClCompile Include="light_GI.cpp">
      <Filter>Lights</Filter>
    </ClCompile>
    <ClCompile Include="Light_Package.cpp">
      <Filter>Lights</Filter>
    </ClCompile>
    <ClCompile Include="Light_Render_Direct.cpp">
      <Filter>Lights</Filter>
    </ClCompile>
    <ClCompile Include="Light_Render_Direct_ComputeXFS.cpp">
      <Filter>Lights</Filter>
    </ClCompile>
    <ClCompile Include="LightTrack.cpp">
      <Filter>Lights</Filter>
    </ClCompile>
    <ClCompile Include="ModelPool.cpp">
      <Filter>Models</Filter>
    </ClCompile>
    <ClCompile Include="FLOD.cpp">
      <Filter>Models\Visuals</Filter>
    </ClCompile>
    <ClCompile Include="FProgressive.cpp">
      <Filter>Models\Visuals</Filter>
    </ClCompile>
    <ClCompile Include="FSkinned.cpp">
      <Filter>Models\Visuals</Filter>
    </ClCompile>
    <ClCompile Include="FTreeVisual.cpp">
      <Filter>Models\Visuals</Filter>
    </ClCompile>
    <ClCompile Include="FVisual.cpp">
      <Filter>Models\Visuals</Filter>
    </ClCompile>
    <ClCompile Include="ParticleEffect.cpp">
      <Filter>Models\Visuals</Filter>
    </ClCompile>
    <ClCompile Include="ParticleEffectDef.cpp">
      <Filter>Models\Visuals</Filter>
    </ClCompile>
    <ClCompile Include="ParticleGroup.cpp">
      <Filter>Models\Visuals</Filter>
    </ClCompile>
    <ClCompile Include="r__sector.cpp">
      <Filter>Visibility\Sector/Portal</Filter>
    </ClCompile>
    <ClCompile Include="r__sector_traversal.cpp">
      <Filter>Visibility\Sector/Portal</Filter>
    </ClCompile>
    <ClCompile Include="ColorMapManager.cpp">
      <Filter>Core_Target\ColorMap</Filter>
    </ClCompile>
    <ClCompile Include="SH_Constant.cpp">
      <Filter>Refactored\Execution &amp; 3D\Shaders\Resources</Filter>
    </ClCompile>
    <ClCompile Include="SH_Matrix.cpp">
      <Filter>Refactored\Execution &amp; 3D\Shaders\Resources</Filter>
    </ClCompile>
    <ClCompile Include="ETextureParams.cpp">
      <Filter>Refactored\Execution &amp; 3D\Shaders\ShaderManager</Filter>
    </ClCompile>
    <ClCompile Include="TextureDescrManager.cpp">
      <Filter>Refactored\Execution &amp; 3D\Shaders\ShaderManager</Filter>
    </ClCompile>
    <ClCompile Include="du_box.cpp">
      <Filter>Refactored\Execution &amp; 3D\DebugDraw</Filter>
    </ClCompile>
    <ClCompile Include="du_cone.cpp">
      <Filter>Refactored\Execution &amp; 3D\DebugDraw</Filter>
    </ClCompile>
    <ClCompile Include="du_cylinder.cpp">
      <Filter>Refactored\Execution &amp; 3D\DebugDraw</Filter>
    </ClCompile>
    <ClCompile Include="du_sphere.cpp">
      <Filter>Refactored\Execution &amp; 3D\DebugDraw</Filter>
    </ClCompile>
    <ClCompile Include="du_sphere_part.cpp">
      <Filter>Refactored\Execution &amp; 3D\DebugDraw</Filter>
    </ClCompile>
    <ClCompile Include="dxParticleCustom.cpp">
      <Filter>Refactored\Execution &amp; 3D\Visuals</Filter>
    </ClCompile>
    <ClCompile Include="FBasicVisual.cpp">
      <Filter>Refactored\Execution &amp; 3D\Visuals</Filter>
    </ClCompile>
    <ClCompile Include="FHierrarhyVisual.cpp">
      <Filter>Refactored\Execution &amp; 3D\Visuals</Filter>
    </ClCompile>
    <ClCompile Include="Animation.cpp">
      <Filter>Refactored\Execution &amp; 3D\Visuals\Skeleton</Filter>
    </ClCompile>
    <ClCompile Include="SkeletonAnimated.cpp">
      <Filter>Refactored\Execution &amp; 3D\Visuals\Skeleton</Filter>
    </ClCompile>
    <ClCompile Include="SkeletonCustom.cpp">
      <Filter>Refactored\Execution &amp; 3D\Visuals\Skeleton</Filter>
    </ClCompile>
    <ClCompile Include="SkeletonRigid.cpp">
      <Filter>Refactored\Execution &amp; 3D\Visuals\Skeleton</Filter>
    </ClCompile>
    <ClCompile Include="SkeletonX.cpp">
      <Filter>Refactored\Execution &amp; 3D\Visuals\Skeleton</Filter>
    </ClCompile>
    <ClCompile Include="stats_manager.cpp">
      <Filter>Refactored\stats_manager</Filter>
    </ClCompile>
    <ClCompile Include="dxRenderFactory.cpp">
      <Filter>Interface implementations\RenderFactory</Filter>
    </ClCompile>
    <ClCompile Include="dxWallMarkArray.cpp">
      <Filter>Interface implementations\WallMarkArray</Filter>
    </ClCompile>
    <ClCompile Include="dxUISequenceVideoItem.cpp">
      <Filter>Interface implementations\UI\UISequenceVideoItem</Filter>
    </ClCompile>
    <ClCompile Include="BufferUtils.cpp">
      <Filter>dx9 to dx11 Utils</Filter>
    </ClCompile>
    <ClCompile Include="Utils\dxHashHelper.cpp">
      <Filter>Utils</Filter>
    </ClCompile>
    <ClCompile Include="D3DXRenderBase.cpp">
      <Filter>Core</Filter>
    </ClCompile>
    <ClCompile Include="FGRenderBase.cpp">
      <Filter>Core</Filter>
    </ClCompile>
    <ClCompile Include="r__scene.cpp">
      <Filter>Visibility\Sector/Portal</Filter>
    </ClCompile>
    <ClCompile Include="SkeletonXSkinXW_CPP.cpp">
      <Filter>Refactored\Execution &amp; 3D\Visuals\Skeleton</Filter>
    </ClCompile>
    <ClCompile Include="SkeletonXSkinXW_SSE.cpp">
      <Filter>Refactored\Execution &amp; 3D\Visuals\Skeleton</Filter>
    </ClCompile>
    <ClCompile Include="ImGuiRendererNVRHI.cpp">
      <Filter>Interface implementations\ImGuiRender</Filter>
    </ClCompile>
    <ClCompile Include="ImGuiRendererNVRHI_Shaders.cpp">
      <Filter>Interface implementations\ImGuiRender</Filter>
    </ClCompile>
    <ClCompile Include="ImGuiRendererNVRHI_Render.cpp">
      <Filter>Interface implementations\ImGuiRender</Filter>
    </ClCompile>
    <ClCompile Include="ImGuiRendererIntegration.cpp">
      <Filter>Interface implementations\ImGuiRender</Filter>
    </ClCompile>
    <ClCompile Include="dxRenderFactory_ImGui.cpp">
      <Filter>Interface implementations\ImGuiRender</Filter>
    </ClCompile>
    <ClCompile Include="GlobalRenderDevice.cpp">
      <Filter>Interface implementations\ImGuiRender</Filter>
    </ClCompile>
    <ClCompile Include="ResourceManager\DDSLoader.cpp">
      <Filter>ResourceManager</Filter>
    </ClCompile>
    <ClCompile Include="ResourceManager\TestTextureManager.cpp">
      <Filter>ResourceManager</Filter>
    </ClCompile>
    <ClCompile Include="ResourceManager\TextureManager.cpp">
      <Filter>ResourceManager</Filter>
    </ClCompile>
    <ClCompile Include="ResourceManager\TextureStreaming.cpp">
      <Filter>ResourceManager</Filter>
    </ClCompile>
    <ClCompile Include="ResourceManager\AsyncIO.cpp">
      <Filter>ResourceManager</Filter>
    </ClCompile>
    <ClCompile Include="ResourceManager\BufferManager.cpp">
      <Filter>ResourceManager</Filter>
    </ClCompile>
    <ClCompile Include="ResourceManager\SamplerCache.cpp">
      <Filter>ResourceManager</Filter>
    </ClCompile>
    <ClCompile Include="FrameGraph\FGResource.cpp">
      <Filter>Framegraph</Filter>
    </ClCompile>
    <ClCompile Include="ResourceManager\FGResourceManager.cpp">
      <Filter>Framegraph</Filter>
    </ClCompile>
    <ClCompile Include="FrameGraph\FGResourcePool.cpp">
      <Filter>Framegraph</Filter>
    </ClCompile>
    <ClCompile Include="FrameGraph\FGTest.cpp">
      <Filter>Framegraph</Filter>
    </ClCompile>
    <ClCompile Include="FrameGraph\FrameGraph.cpp">
      <Filter>Framegraph</Filter>
    </ClCompile>
    <ClCompile Include="FrameGraphPasses\SkinningPassSetup.cpp">
      <Filter>Framegraph\Passes</Filter>
    </ClCompile>
    <ClCompile Include="FrameGraphPasses\ImGuiPassSetup.cpp">
      <Filter>Framegraph\Passes</Filter>
    </ClCompile>
    <ClCompile Include="FrameGraphPasses\ParticlePassSetup.cpp">
      <Filter>Framegraph\Passes</Filter>
    </ClCompile>
    <ClCompile Include="FrameGraphPasses\RibbonPassSetup.cpp">
      <Filter>Framegraph\Passes</Filter>
    </ClCompile>
    <ClCompile Include="FrameGraphPasses\TrailPassSetup.cpp">
      <Filter>Framegraph\Passes</Filter>
    </ClCompile>
    <ClCompile Include="FrameGraphPasses\SmokeTrailManager.cpp">
      <Filter>Framegraph\Passes</Filter>
    </ClCompile>
    <ClCompile Include="FrameGraphPasses\SmokeTrailPassSetup.cpp">
      <Filter>Framegraph\Passes</Filter>
    </ClCompile>
    <ClCompile Include="FrameGraphPasses\ClusterLightPassSetup.cpp">
      <Filter>Framegraph\Passes</Filter>
    </ClCompile>
    <ClCompile Include="ClusteredLightManager.cpp">
      <Filter>Framegraph\Passes</Filter>
    </ClCompile>
    <ClCompile Include="FrameGraphPasses\DecalPassSetup.cpp">
      <Filter>Framegraph\Passes</Filter>
    </ClCompile>
    <ClCompile Include="Decals\DecalManager.cpp">
      <Filter>Framegraph\Decals</Filter>
    </ClCompile>
    <ClCompile Include="Decals\fgWallMarkArray.cpp">
      <Filter>Framegraph\Decals</Filter>
    </ClCompile>
    <ClCompile Include="Decals\MeshPicker.cpp">
      <Filter>Framegraph\Decals</Filter>
    </ClCompile>
    <ClCompile Include="Decals\OverlayManager.cpp">
      <Filter>Framegraph\Decals</Filter>
    </ClCompile>
    <ClCompile Include="FrameGraphPasses\DistortionApplyPassSetup.cpp">
      <Filter>Framegraph\Passes</Filter>
    </ClCompile>
    <ClCompile Include="FrameGraphPasses\PassCommon.cpp">
      <Filter>Framegraph\Passes</Filter>
    </ClCompile>
    <ClCompile Include="FrameGraphPasses\ParticleGPUCullingManager.cpp">
      <Filter>Framegraph\Passes</Filter>
    </ClCompile>
    <ClCompile Include="FrameGraphPasses\ExposurePassSetup.cpp">
      <Filter>Framegraph\Passes</Filter>
    </ClCompile>
    <ClCompile Include="FrameGraphPasses\PathTracerPassSetup.cpp">
      <Filter>Framegraph\Passes</Filter>
    </ClCompile>
    <ClCompile Include="FrameGraphPasses\MotionVectorPassSetup.cpp">
      <Filter>Framegraph\Passes</Filter>
    </ClCompile>
    <ClCompile Include="FrameGraphPasses\ReSTIRGIPassSetup.cpp">
      <Filter>Framegraph\Passes</Filter>
    </ClCompile>
    <ClCompile Include="RayTracing\RTAccelStructManager.cpp">
      <Filter>Framegraph\RayTracing</Filter>
    </ClCompile>
    <ClCompile Include="FrameGraphPasses\TonemapPassSetup.cpp">
      <Filter>Framegraph\Passes</Filter>
    </ClCompile>
    <ClCompile Include="FrameGraph\FGPass.cpp">
      <Filter>Framegraph\Passes</Filter>
    </ClCompile>
    <ClCompile Include="NVRHI\NVRHIDevice.cpp">
      <Filter>NVRHI</Filter>
    </ClCompile>
    <ClCompile Include="NVRHIUIRenderer.cpp">
      <Filter>NVRHI</Filter>
    </ClCompile>
    <ClCompile Include="Geometry\GeometryBatch.cpp">
      <Filter>Framegraph</Filter>
    </ClCompile>
    <ClCompile Include="Geometry\MaterialCache.cpp">
      <Filter>Framegraph</Filter>
    </ClCompile>
    <ClCompile Include="Materials\MaterialSystem.cpp">
      <Filter>Framegraph</Filter>
    </ClCompile>
    <ClCompile Include="ResourceManager\NativeRTFactory.cpp">
      <Filter>Framegraph</Filter>
    </ClCompile>
    <ClCompile Include="r_FrameGraphRenderer.cpp">
      <Filter>Framegraph</Filter>
    </ClCompile>
    <ClCompile Include="FrameGraphRendererModule.cpp">
      <Filter>Framegraph</Filter>
    </ClCompile>
    <ClCompile Include="GPUCullingManager.cpp">
      <Filter>Framegraph</Filter>
    </ClCompile>
    <ClCompile Include="Shaders\SlangCompiler.cpp">
      <Filter>Slang</Filter>
    </ClCompile>
    <ClCompile Include="Shaders\SlangCompilerTest.cpp">
      <Filter>Slang</Filter>
    </ClCompile>
    <ClCompile Include="Shaders\SlangReflectionWrapper.cpp">
      <Filter>Slang</Filter>
    </ClCompile>
    <ClCompile Include="Shaders\SlangVFSAdapter.cpp">
      <Filter>Slang</Filter>
    </ClCompile>
    <ClCompile Include="RenderContext\RCShader.cpp">
      <Filter>Framegraph</Filter>
    </ClCompile>
    <ClCompile Include="RenderContext\RenderContext.cpp">
      <Filter>Framegraph</Filter>
    </ClCompile>
    <ClCompile Include="RenderContext\RenderDevice.cpp">
      <Filter>Framegraph</Filter>
    </ClCompile>
    <ClCompile Include="FrameGraph\ShaderCache.cpp">
      <Filter>Framegraph</Filter>
    </ClCompile>
    <ClCompile Include="ShaderKey.cpp">
      <Filter>Framegraph</Filter>
    </ClCompile>
    <ClCompile Include="FrameGraph\ShaderLoader.cpp">
      <Filter>Framegraph</Filter>
    </ClCompile>
    <ClCompile Include="FrameGraph\ShaderPhaseCache.cpp">
      <Filter>Framegraph</Filter>
    </ClCompile>
    <ClCompile Include="FrameGraph\ShaderReflection.cpp">
      <Filter>Framegraph</Filter>
    </ClCompile>
    <ClCompile Include="FrameGraphPasses\UIPassSetup.cpp">
      <Filter>Framegraph\Passes</Filter>
    </ClCompile>
    <ClCompile Include="RenderContext\PipelineState.cpp">
      <Filter>Framegraph</Filter>
    </ClCompile>
    <ClCompile Include="UIRenderCollector.cpp">
      <Filter>Framegraph</Filter>
    </ClCompile>
    <ClCompile Include="FrameGraph\VolatileConstantBufferPool.cpp">
      <Filter>Framegraph</Filter>
    </ClCompile>
    <ClCompile Include="ConstantSystem\FGConstantSystem.cpp">
      <Filter>Framegraph\ConstantSystem</Filter>
    </ClCompile>
    <ClCompile Include="FrameGraphPasses\ForwardColorPassSetup.cpp">
      <Filter>Framegraph\Passes</Filter>
    </ClCompile>
    <ClCompile Include="FrameGraphPasses\HiZBuildPassSetup.cpp">
      <Filter>Framegraph\Passes</Filter>
    </ClCompile>
    <ClCompile Include="PBRConverter\PBRTextureConverter.cpp">
      <Filter>PBRConverter</Filter>
    </ClCompile>
    <ClCompile Include="FrameGraphPasses\ShaderConstants.cpp"/>
    <ClCompile Include="FrameGraphPasses\SkyPassSetup.cpp"/>
    <ClCompile Include="FrameGraphPasses\SunPassSetup.cpp"/>
    <ClCompile Include="Bindless\MaterialBuffer.cpp"/>
    <ClCompile Include="Bindless\TerrainMaterialBuffer.cpp"/>
    <ClCompile Include="Bindless\GPUStructuredBuffer.cpp"/>
    <ClCompile Include="Bindless\VariantTextureBuffer.cpp"/>
    <ClCompile Include="Bindless\VertexConverter.cpp"/>
    <ClCompile Include="ShaderVariant\ShaderVariantRegistry.cpp">
      <Filter>ShaderVariant</Filter>
    </ClCompile>
    <ClCompile Include="ShaderVariant\JsonParser.cpp">
      <Filter>ShaderVariant</Filter>
    </ClCompile>
    <ClCompile Include="ShaderVariant\VariantPSOCache.cpp">
      <Filter>ShaderVariant</Filter>
    </ClCompile>
    <ClCompile Include="Backend\D3D12Backend.cpp"/>
    <ClCompile Include="Backend\D3D11BackendWrapper.cpp"/>
    <ClCompile Include="FrameGraph\PassResourceCache.cpp"/>
    <ClCompile Include="FrameGraph\BindingLayoutBuilder.cpp"/>
    <ClCompile Include="FrameGraph\BindingSetBuilder.cpp"/>
    <ClCompile Include="FGDetailManager.cpp">
      <Filter>Framegraph</Filter>
    </ClCompile>
    <ClCompile Include="FrameGraphPasses\DetailCullPassSetup.cpp">
      <Filter>Framegraph\Passes</Filter>
    </ClCompile>
    <ClCompile Include="FrameGraphPasses\DetailPassSetup.cpp">
      <Filter>Framegraph\Passes</Filter>
    </ClCompile>
    <ClCompile Include="FrameGraphPasses\TransparentPassSetup.cpp">
      <Filter>Framegraph\Passes</Filter>
    </ClCompile>
    <ClCompile Include="Backend\VulkanBackend.cpp"/>
    <ClCompile Include="..\..\..\Externals\meshoptimizer\src\allocator.cpp"/>
    <ClCompile Include="..\..\..\Externals\meshoptimizer\src\clusterizer.cpp"/>
    <ClCompile Include="..\..\..\Externals\meshoptimizer\src\indexanalyzer.cpp"/>
    <ClCompile Include="..\..\..\Externals\meshoptimizer\src\indexcodec.cpp"/>
    <ClCompile Include="..\..\..\Externals\meshoptimizer\src\indexgenerator.cpp"/>
    <ClCompile Include="..\..\..\Externals\meshoptimizer\src\overdrawoptimizer.cpp"/>
    <ClCompile Include="..\..\..\Externals\meshoptimizer\src\partition.cpp"/>
    <ClCompile Include="..\..\..\Externals\meshoptimizer\src\quantization.cpp"/>
    <ClCompile Include="..\..\..\Externals\meshoptimizer\src\rasterizer.cpp"/>
    <ClCompile Include="..\..\..\Externals\meshoptimizer\src\simplifier.cpp"/>
    <ClCompile Include="..\..\..\Externals\meshoptimizer\src\spatialorder.cpp"/>
    <ClCompile Include="..\..\..\Externals\meshoptimizer\src\stripifier.cpp"/>
    <ClCompile Include="..\..\..\Externals\meshoptimizer\src\vcacheoptimizer.cpp"/>
    <ClCompile Include="..\..\..\Externals\meshoptimizer\src\vertexcodec.cpp"/>
    <ClCompile Include="..\..\..\Externals\meshoptimizer\src\vertexfilter.cpp"/>
    <ClCompile Include="..\..\..\Externals\meshoptimizer\src\vfetchoptimizer.cpp"/>
    <ClCompile Include="Profiler\GPUProfiler.cpp"/>
    <ClCompile Include="Profiler\StatsOverlay.cpp"/>
  </ItemGroup>
</Project>
