Microsoft Visual Studio Solution File, Format Version 9.00
# Visual Studio 2005
Project("{8BC9CEB8-8B4A-11D0-8D11-00A0C91BC942}") = "chatpspprodg", "chatpspprodg.vcproj", "{68B8E20D-AA73-48B7-8E3A-7568A80A556E}"
EndProject
Global
	GlobalSection(TeamFoundationVersionControl) = preSolution
		SccNumberOfProjects = 2
		SccEnterpriseProvider = {4CA58AB2-18FA-4F8D-95D4-32DDF27D184C}
		SccTeamFoundationServer = http://tfs.ign.com:8080/
		SccLocalPath0 = .
		SccProjectUniqueName1 = chatpspprodg.vcproj
		SccLocalPath1 = .
	EndGlobalSection
	GlobalSection(SolutionConfigurationPlatforms) = preSolution
		PSP Debug Opt|Win32 = PSP Debug Opt|Win32
		PSP Debug|Win32 = PSP Debug|Win32
		PSP Release|Win32 = PSP Release|Win32
	EndGlobalSection
	GlobalSection(ProjectConfigurationPlatforms) = postSolution
		{68B8E20D-AA73-48B7-8E3A-7568A80A556E}.PSP Debug Opt|Win32.ActiveCfg = PSP Debug Opt|Win32
		{68B8E20D-AA73-48B7-8E3A-7568A80A556E}.PSP Debug Opt|Win32.Build.0 = PSP Debug Opt|Win32
		{68B8E20D-AA73-48B7-8E3A-7568A80A556E}.PSP Debug|Win32.ActiveCfg = PSP Debug|Win32
		{68B8E20D-AA73-48B7-8E3A-7568A80A556E}.PSP Debug|Win32.Build.0 = PSP Debug|Win32
		{68B8E20D-AA73-48B7-8E3A-7568A80A556E}.PSP Release|Win32.ActiveCfg = PSP Release|Win32
		{68B8E20D-AA73-48B7-8E3A-7568A80A556E}.PSP Release|Win32.Build.0 = PSP Release|Win32
	EndGlobalSection
	GlobalSection(SolutionProperties) = preSolution
		HideSolutionNode = FALSE
	EndGlobalSection
EndGlobal
