<?xml version="1.0" encoding="utf-8"?>
<Project ToolsVersion="4.0" xmlns="http://schemas.microsoft.com/developer/msbuild/2003">
  <ItemGroup>
    <ClCompile Include="AssemblyInfo.cpp" />
    <ClCompile Include="stdafx.cpp" />
    <ClCompile Include="ChoseForm.cpp">
      <Filter>Source Files</Filter>
    </ClCompile>
    <ClCompile Include="ColorPicker.cpp">
      <Filter>Source Files</Filter>
    </ClCompile>
    <ClCompile Include="FolderLib.cpp">
      <Filter>Source Files</Filter>
    </ClCompile>
    <ClCompile Include="GameTypeForm.cpp">
      <Filter>Source Files</Filter>
    </ClCompile>
    <ClCompile Include="ItemDialog.cpp">
      <Filter>Source Files</Filter>
    </ClCompile>
    <ClCompile Include="ItemList.cpp">
      <Filter>Source Files</Filter>
    </ClCompile>
    <ClCompile Include="ItemListHelper.cpp">
      <Filter>Source Files</Filter>
    </ClCompile>
    <ClCompile Include="ItemListTypes.cpp">
      <Filter>Source Files</Filter>
    </ClCompile>
    <ClCompile Include="NumericVector.cpp">
      <Filter>Source Files</Filter>
    </ClCompile>
    <ClCompile Include="PropertiesList.cpp">
      <Filter>Source Files</Filter>
    </ClCompile>
    <ClCompile Include="PropertiesListHelper.cpp">
      <Filter>Source Files</Filter>
    </ClCompile>
    <ClCompile Include="PropertiesListTypes.cpp">
      <Filter>Source Files</Filter>
    </ClCompile>
    <ClCompile Include="ShaderFunction.cpp">
      <Filter>Source Files</Filter>
    </ClCompile>
    <ClCompile Include="TextForm.cpp">
      <Filter>Source Files</Filter>
    </ClCompile>
    <ClCompile Include="xrEProps.cpp">
      <Filter>Source Files</Filter>
    </ClCompile>
  </ItemGroup>
  <ItemGroup>
    <ClInclude Include="stdafx.h" />
    <ClInclude Include="ChoseForm.h">
      <Filter>Header Files</Filter>
    </ClInclude>
    <ClInclude Include="ColorPicker.h">
      <Filter>Header Files</Filter>
    </ClInclude>
    <ClInclude Include="Defines.h">
      <Filter>Header Files</Filter>
    </ClInclude>
    <ClInclude Include="EditorChooseEvents.h">
      <Filter>Header Files</Filter>
    </ClInclude>
    <ClInclude Include="FolderLib.h">
      <Filter>Header Files</Filter>
    </ClInclude>
    <ClInclude Include="GameTypeForm.h">
      <Filter>Header Files</Filter>
    </ClInclude>
    <ClInclude Include="ItemDialog.h">
      <Filter>Header Files</Filter>
    </ClInclude>
    <ClInclude Include="ItemList.h">
      <Filter>Header Files</Filter>
    </ClInclude>
    <ClInclude Include="ItemListHelper.h">
      <Filter>Header Files</Filter>
    </ClInclude>
    <ClInclude Include="NumericVector.h">
      <Filter>Header Files</Filter>
    </ClInclude>
    <ClInclude Include="PropertiesList.h">
      <Filter>Header Files</Filter>
    </ClInclude>
    <ClInclude Include="ShaderFunction.h">
      <Filter>Header Files</Filter>
    </ClInclude>
    <ClInclude Include="TextForm.h">
      <Filter>Header Files</Filter>
    </ClInclude>
    <ClInclude Include="WaveForm.h">
      <Filter>Header Files</Filter>
    </ClInclude>
  </ItemGroup>
  <ItemGroup>
    <Filter Include="Header Files">
      <UniqueIdentifier>{50486bfa-36dd-444a-97ff-3085cfb2a95d}</UniqueIdentifier>
    </Filter>
    <Filter Include="Source Files">
      <UniqueIdentifier>{23fbccf4-abd0-49ce-b6e5-6eb563ebe033}</UniqueIdentifier>
    </Filter>
  </ItemGroup>
  <ItemGroup>
    <Resource Include="xrEProps.res" />
  </ItemGroup>
</Project>