<?xml version="1.0" encoding="utf-8"?>
<Project ToolsVersion="4.0" xmlns="http://schemas.microsoft.com/developer/msbuild/2003">
  <ItemGroup>
    <Filter Include="NvMender2003">
      <UniqueIdentifier>{58782d71-fba0-43ee-8da4-727a4608db79}</UniqueIdentifier>
    </Filter>
  </ItemGroup>
  <ItemGroup>
    <ClInclude Include="$(MSBuildThisFileDirectory)NvMender2003\convert.h">
      <Filter>NvMender2003</Filter>
    </ClInclude>
    <ClInclude Include="$(MSBuildThisFileDirectory)NvMender2003\mender_input_output.h">
      <Filter>NvMender2003</Filter>
    </ClInclude>
    <ClInclude Include="$(MSBuildThisFileDirectory)NvMender2003\NVMeshMender.h">
      <Filter>NvMender2003</Filter>
    </ClInclude>
    <ClInclude Include="$(MSBuildThisFileDirectory)NvMender2003\remove_isolated_verts.h">
      <Filter>NvMender2003</Filter>
    </ClInclude>
  </ItemGroup>
  <ItemGroup>
    <ClCompile Include="$(MSBuildThisFileDirectory)NvMender2003\NVMeshMender.cpp">
      <Filter>NvMender2003</Filter>
    </ClCompile>
  </ItemGroup>
  <ItemGroup>
    <Text Include="$(MSBuildThisFileDirectory)NvMender2003\ReadMe.txt">
      <Filter>NvMender2003</Filter>
    </Text>
  </ItemGroup>
</Project>