Microsoft Visual Studio Solution File, Format Version 9.00
# Visual Studio 2005
Project("{8BC9CEB8-8B4A-11D0-8D11-00A0C91BC942}") = "gt2ps2prodg", "gt2ps2prodg.vcproj", "{CC62E025-D4AD-43F7-BE17-F7021434FE2C}"
	ProjectSection(WebsiteProperties) = preProject
		Debug.AspNetCompiler.Debug = "True"
		Release.AspNetCompiler.Debug = "False"
	EndProjectSection
EndProject
Global
	GlobalSection(TeamFoundationVersionControl) = preSolution
		SccNumberOfProjects = 1
		SccEnterpriseProvider = {4CA58AB2-18FA-4F8D-95D4-32DDF27D184C}
		SccTeamFoundationServer = http://tfsapp1:8080/
		SccProjectUniqueName0 = gt2ps2prodg.vcproj
		SccProjectName0 = .
		SccAuxPath0 = http://tfsapp1:8080
		SccLocalPath0 = .
		SccProvider0 = {4CA58AB2-18FA-4F8D-95D4-32DDF27D184C}
	EndGlobalSection
	GlobalSection(SolutionConfigurationPlatforms) = preSolution
		PS2 EENET Debug|Win32 = PS2 EENET Debug|Win32
		PS2 EENET Release|Win32 = PS2 EENET Release|Win32
		PS2 INET Debug|Win32 = PS2 INET Debug|Win32
		PS2 INET Release|Win32 = PS2 INET Release|Win32
		PS2 SN Systems Debug|Win32 = PS2 SN Systems Debug|Win32
		PS2 SN Systems Release|Win32 = PS2 SN Systems Release|Win32
	EndGlobalSection
	GlobalSection(ProjectConfigurationPlatforms) = postSolution
		{CC62E025-D4AD-43F7-BE17-F7021434FE2C}.PS2 EENET Debug|Win32.ActiveCfg = PS2 EENET Debug|Win32
		{CC62E025-D4AD-43F7-BE17-F7021434FE2C}.PS2 EENET Debug|Win32.Build.0 = PS2 EENET Debug|Win32
		{CC62E025-D4AD-43F7-BE17-F7021434FE2C}.PS2 EENET Release|Win32.ActiveCfg = PS2 EENET Release|Win32
		{CC62E025-D4AD-43F7-BE17-F7021434FE2C}.PS2 EENET Release|Win32.Build.0 = PS2 EENET Release|Win32
		{CC62E025-D4AD-43F7-BE17-F7021434FE2C}.PS2 INET Debug|Win32.ActiveCfg = PS2 INET Debug|Win32
		{CC62E025-D4AD-43F7-BE17-F7021434FE2C}.PS2 INET Debug|Win32.Build.0 = PS2 INET Debug|Win32
		{CC62E025-D4AD-43F7-BE17-F7021434FE2C}.PS2 INET Release|Win32.ActiveCfg = PS2 INET Release|Win32
		{CC62E025-D4AD-43F7-BE17-F7021434FE2C}.PS2 INET Release|Win32.Build.0 = PS2 INET Release|Win32
		{CC62E025-D4AD-43F7-BE17-F7021434FE2C}.PS2 SN Systems Debug|Win32.ActiveCfg = PS2 SN Systems Debug|Win32
		{CC62E025-D4AD-43F7-BE17-F7021434FE2C}.PS2 SN Systems Debug|Win32.Build.0 = PS2 SN Systems Debug|Win32
		{CC62E025-D4AD-43F7-BE17-F7021434FE2C}.PS2 SN Systems Release|Win32.ActiveCfg = PS2 EENET Release|Win32
		{CC62E025-D4AD-43F7-BE17-F7021434FE2C}.PS2 SN Systems Release|Win32.Build.0 = PS2 EENET Release|Win32
	EndGlobalSection
	GlobalSection(SolutionProperties) = preSolution
		HideSolutionNode = FALSE
	EndGlobalSection
EndGlobal
